
Microsoft Visual Studio Solution File, Format Version 12.00
# Visual Studio Version 16
VisualStudioVersion = 16.0.28809.33
MinimumVisualStudioVersion = 10.0.40219.1
Project("{FAE04EC0-301F-11D3-BF4B-00C04F79EFBC}") = "StructuralPatterns(14)", "StructuralPatterns(14)\StructuralPatterns(14).csproj", "{CF9FD388-E1DC-43D3-830F-7F7B78047EAD}"
EndProject
Global
	GlobalSection(SolutionConfigurationPlatforms) = preSolution
		Debug|Any CPU = Debug|Any CPU
		Release|Any CPU = Release|Any CPU
	EndGlobalSection
	GlobalSection(ProjectConfigurationPlatforms) = postSolution
		{CF9FD388-E1DC-43D3-830F-7F7B78047EAD}.Debug|Any CPU.ActiveCfg = Debug|Any CPU
		{CF9FD388-E1DC-43D3-830F-7F7B78047EAD}.Debug|Any CPU.Build.0 = Debug|Any CPU
		{CF9FD388-E1DC-43D3-830F-7F7B78047EAD}.Release|Any CPU.ActiveCfg = Release|Any CPU
		{CF9FD388-E1DC-43D3-830F-7F7B78047EAD}.Release|Any CPU.Build.0 = Release|Any CPU
	EndGlobalSection
	GlobalSection(SolutionProperties) = preSolution
		HideSolutionNode = FALSE
	EndGlobalSection
	GlobalSection(ExtensibilityGlobals) = postSolution
		SolutionGuid = {3F19E6BC-A29A-4B15-B499-99B9AA366FF2}
	EndGlobalSection
EndGlobal
