
Microsoft Visual Studio Solution File, Format Version 12.00
# Visual Studio Version 16
VisualStudioVersion = 16.0.28729.10
MinimumVisualStudioVersion = 10.0.40219.1
Project("{FAE04EC0-301F-11D3-BF4B-00C04F79EFBC}") = "UserContolsWPF(7)", "UserContolsWPF(7)\UserContolsWPF(7).csproj", "{B20EBCE7-DA04-4C69-BF50-91718931F843}"
EndProject
Global
	GlobalSection(SolutionConfigurationPlatforms) = preSolution
		Debug|Any CPU = Debug|Any CPU
		Release|Any CPU = Release|Any CPU
	EndGlobalSection
	GlobalSection(ProjectConfigurationPlatforms) = postSolution
		{B20EBCE7-DA04-4C69-BF50-91718931F843}.Debug|Any CPU.ActiveCfg = Debug|Any CPU
		{B20EBCE7-DA04-4C69-BF50-91718931F843}.Debug|Any CPU.Build.0 = Debug|Any CPU
		{B20EBCE7-DA04-4C69-BF50-91718931F843}.Release|Any CPU.ActiveCfg = Release|Any CPU
		{B20EBCE7-DA04-4C69-BF50-91718931F843}.Release|Any CPU.Build.0 = Release|Any CPU
	EndGlobalSection
	GlobalSection(SolutionProperties) = preSolution
		HideSolutionNode = FALSE
	EndGlobalSection
	GlobalSection(ExtensibilityGlobals) = postSolution
		SolutionGuid = {914E8FE8-2366-47D1-90AF-A7DB3455DDE2}
	EndGlobalSection
EndGlobal
