
Microsoft Visual Studio Solution File, Format Version 12.00
# Visual Studio Version 16
VisualStudioVersion = 16.0.28809.33
MinimumVisualStudioVersion = 10.0.40219.1
Project("{FAE04EC0-301F-11D3-BF4B-00C04F79EFBC}") = "WPFandEOF", "WPFandEOF\WPFandEOF.csproj", "{65BF8508-CB02-49E6-BCF2-ED0F2D5385C3}"
EndProject
Global
	GlobalSection(SolutionConfigurationPlatforms) = preSolution
		Debug|Any CPU = Debug|Any CPU
		Release|Any CPU = Release|Any CPU
	EndGlobalSection
	GlobalSection(ProjectConfigurationPlatforms) = postSolution
		{65BF8508-CB02-49E6-BCF2-ED0F2D5385C3}.Debug|Any CPU.ActiveCfg = Debug|Any CPU
		{65BF8508-CB02-49E6-BCF2-ED0F2D5385C3}.Debug|Any CPU.Build.0 = Debug|Any CPU
		{65BF8508-CB02-49E6-BCF2-ED0F2D5385C3}.Release|Any CPU.ActiveCfg = Release|Any CPU
		{65BF8508-CB02-49E6-BCF2-ED0F2D5385C3}.Release|Any CPU.Build.0 = Release|Any CPU
	EndGlobalSection
	GlobalSection(SolutionProperties) = preSolution
		HideSolutionNode = FALSE
	EndGlobalSection
	GlobalSection(ExtensibilityGlobals) = postSolution
		SolutionGuid = {7E0A564A-6CB8-42D5-B3FC-AEC499A6FD6C}
	EndGlobalSection
EndGlobal
