
Microsoft Visual Studio Solution File, Format Version 12.00
# Visual Studio Version 16
VisualStudioVersion = 16.0.28809.33
MinimumVisualStudioVersion = 10.0.40219.1
Project("{FAE04EC0-301F-11D3-BF4B-00C04F79EFBC}") = "StructuralPatterns(13)", "StructuralPatterns(13)\StructuralPatterns(13).csproj", "{BFD52A1D-6397-447E-A3B2-7C7C28EE71F0}"
EndProject
Global
	GlobalSection(SolutionConfigurationPlatforms) = preSolution
		Debug|Any CPU = Debug|Any CPU
		Release|Any CPU = Release|Any CPU
	EndGlobalSection
	GlobalSection(ProjectConfigurationPlatforms) = postSolution
		{BFD52A1D-6397-447E-A3B2-7C7C28EE71F0}.Debug|Any CPU.ActiveCfg = Debug|Any CPU
		{BFD52A1D-6397-447E-A3B2-7C7C28EE71F0}.Debug|Any CPU.Build.0 = Debug|Any CPU
		{BFD52A1D-6397-447E-A3B2-7C7C28EE71F0}.Release|Any CPU.ActiveCfg = Release|Any CPU
		{BFD52A1D-6397-447E-A3B2-7C7C28EE71F0}.Release|Any CPU.Build.0 = Release|Any CPU
	EndGlobalSection
	GlobalSection(SolutionProperties) = preSolution
		HideSolutionNode = FALSE
	EndGlobalSection
	GlobalSection(ExtensibilityGlobals) = postSolution
		SolutionGuid = {280D9CAA-C41F-425E-ADE0-292B67E6C08D}
	EndGlobalSection
EndGlobal
